
Microsoft Visual Studio Solution File, Format Version 12.00
# Visual Studio Version 17
VisualStudioVersion = 17.6.33712.159
MinimumVisualStudioVersion = 10.0.40219.1
Project("{FAE04EC0-301F-11D3-BF4B-00C04F79EFBC}") = "Employee-Management-Console-Source-Code-C-Sharp", "Employee-Management-Console-Source-Code-C-Sharp\Employee-Management-Console-Source-Code-C-Sharp.csproj", "{3B934427-39C0-4740-95D1-0D83BC135320}"
EndProject
Global
	GlobalSection(SolutionConfigurationPlatforms) = preSolution
		Debug|Any CPU = Debug|Any CPU
		Release|Any CPU = Release|Any CPU
	EndGlobalSection
	GlobalSection(ProjectConfigurationPlatforms) = postSolution
		{3B934427-39C0-4740-95D1-0D83BC135320}.Debug|Any CPU.ActiveCfg = Debug|Any CPU
		{3B934427-39C0-4740-95D1-0D83BC135320}.Debug|Any CPU.Build.0 = Debug|Any CPU
		{3B934427-39C0-4740-95D1-0D83BC135320}.Release|Any CPU.ActiveCfg = Release|Any CPU
		{3B934427-39C0-4740-95D1-0D83BC135320}.Release|Any CPU.Build.0 = Release|Any CPU
	EndGlobalSection
	GlobalSection(SolutionProperties) = preSolution
		HideSolutionNode = FALSE
	EndGlobalSection
	GlobalSection(ExtensibilityGlobals) = postSolution
		SolutionGuid = {47C63570-D5A6-4E72-B24D-B3F5F39B0F43}
	EndGlobalSection
EndGlobal
